{
  "name": "zz5194",
  "version": "1.0.0",
  "lockfileVersion": 3,
  "requires": true,
  "packages": {
    "": {
      "name": "zz5194",
      "version": "1.0.0",
      "license": "ISC",
      "dependencies": {
        "package1": "^0.0.0"
      }
    },
    "node_modules/package1": {
      "version": "0.0.0",
      "resolved": "https://registry.npmjs.org/package1/-/package1-0.0.0.tgz",
      "integrity": "sha512-U4a0VTa026SElK/J6JbW7/pzFZHddrAQ3OEbgCHFwXV/Ytt+Ece37GppLjP+GBRBqge7dZS9qlEOOou8m/1Fiw=="
    }
  }
}
